
Microsoft Visual Studio Solution File, Format Version 12.00
# Visual Studio Version 16
VisualStudioVersion = 16.0.29806.167
MinimumVisualStudioVersion = 10.0.40219.1
Project("{F184B08F-C81C-45F6-A57F-5ABD9991F28F}") = "CIND2021", "CIND2021.vbproj", "{9CAD9960-29B5-413A-9B31-993318CE6528}"
EndProject
Global
	GlobalSection(SolutionConfigurationPlatforms) = preSolution
		Debug|Any CPU = Debug|Any CPU
		Release|Any CPU = Release|Any CPU
	EndGlobalSection
	GlobalSection(ProjectConfigurationPlatforms) = postSolution
		{9CAD9960-29B5-413A-9B31-993318CE6528}.Debug|Any CPU.ActiveCfg = Debug|Any CPU
		{9CAD9960-29B5-413A-9B31-993318CE6528}.Debug|Any CPU.Build.0 = Debug|Any CPU
		{9CAD9960-29B5-413A-9B31-993318CE6528}.Release|Any CPU.ActiveCfg = Release|Any CPU
		{9CAD9960-29B5-413A-9B31-993318CE6528}.Release|Any CPU.Build.0 = Release|Any CPU
	EndGlobalSection
	GlobalSection(SolutionProperties) = preSolution
		HideSolutionNode = FALSE
	EndGlobalSection
	GlobalSection(ExtensibilityGlobals) = postSolution
		SolutionGuid = {E5D41A4B-F773-4DF4-88BA-6E82E25D2295}
	EndGlobalSection
EndGlobal
